
Microsoft Visual Studio Solution File, Format Version 12.00
# Visual Studio Version 16
VisualStudioVersion = 16.0.28803.352
MinimumVisualStudioVersion = 10.0.40219.1
Project("{FAE04EC0-301F-11D3-BF4B-00C04F79EFBC}") = "Parcial2-UI", "Parcial2-UI\Parcial2-UI.csproj", "{FCF50164-41D3-4F17-B403-EF4F453A9618}"
EndProject
Project("{FAE04EC0-301F-11D3-BF4B-00C04F79EFBC}") = "Parcial2-UI.Tests", "Parcial2-UI.Tests\Parcial2-UI.Tests.csproj", "{7FF46749-32BB-4CA7-B0EF-80E92AD81F7C}"
EndProject
Global
	GlobalSection(SolutionConfigurationPlatforms) = preSolution
		Debug|Any CPU = Debug|Any CPU
		Release|Any CPU = Release|Any CPU
	EndGlobalSection
	GlobalSection(ProjectConfigurationPlatforms) = postSolution
		{FCF50164-41D3-4F17-B403-EF4F453A9618}.Debug|Any CPU.ActiveCfg = Debug|Any CPU
		{FCF50164-41D3-4F17-B403-EF4F453A9618}.Debug|Any CPU.Build.0 = Debug|Any CPU
		{FCF50164-41D3-4F17-B403-EF4F453A9618}.Release|Any CPU.ActiveCfg = Release|Any CPU
		{FCF50164-41D3-4F17-B403-EF4F453A9618}.Release|Any CPU.Build.0 = Release|Any CPU
		{7FF46749-32BB-4CA7-B0EF-80E92AD81F7C}.Debug|Any CPU.ActiveCfg = Debug|Any CPU
		{7FF46749-32BB-4CA7-B0EF-80E92AD81F7C}.Debug|Any CPU.Build.0 = Debug|Any CPU
		{7FF46749-32BB-4CA7-B0EF-80E92AD81F7C}.Release|Any CPU.ActiveCfg = Release|Any CPU
		{7FF46749-32BB-4CA7-B0EF-80E92AD81F7C}.Release|Any CPU.Build.0 = Release|Any CPU
	EndGlobalSection
	GlobalSection(SolutionProperties) = preSolution
		HideSolutionNode = FALSE
	EndGlobalSection
	GlobalSection(ExtensibilityGlobals) = postSolution
		SolutionGuid = {6D6148EF-90E6-4F73-876B-FA89832AB5A2}
	EndGlobalSection
EndGlobal
